
Microsoft Visual Studio Solution File, Format Version 12.00
# Visual Studio 15
VisualStudioVersion = 15.0.27428.2037
MinimumVisualStudioVersion = 10.0.40219.1
Project("{FAE04EC0-301F-11D3-BF4B-00C04F79EFBC}") = "Test", "Test\Test.csproj", "{623B162D-3978-407D-801D-6FA9C8D028EC}"
EndProject
Project("{FAE04EC0-301F-11D3-BF4B-00C04F79EFBC}") = "pg_class", "pg_class\pg_class.csproj", "{650F025C-E5DA-4E6F-81DC-88F938B086CB}"
EndProject
Global
	GlobalSection(SolutionConfigurationPlatforms) = preSolution
		Debug|Any CPU = Debug|Any CPU
		Debug|Mixed Platforms = Debug|Mixed Platforms
		Debug|x86 = Debug|x86
		Release|Any CPU = Release|Any CPU
		Release|Mixed Platforms = Release|Mixed Platforms
		Release|x86 = Release|x86
	EndGlobalSection
	GlobalSection(ProjectConfigurationPlatforms) = postSolution
		{623B162D-3978-407D-801D-6FA9C8D028EC}.Debug|Any CPU.ActiveCfg = Debug|Any CPU
		{623B162D-3978-407D-801D-6FA9C8D028EC}.Debug|Any CPU.Build.0 = Debug|Any CPU
		{623B162D-3978-407D-801D-6FA9C8D028EC}.Debug|Mixed Platforms.ActiveCfg = Debug|Any CPU
		{623B162D-3978-407D-801D-6FA9C8D028EC}.Debug|Mixed Platforms.Build.0 = Debug|Any CPU
		{623B162D-3978-407D-801D-6FA9C8D028EC}.Debug|x86.ActiveCfg = Debug|Any CPU
		{623B162D-3978-407D-801D-6FA9C8D028EC}.Debug|x86.Build.0 = Debug|Any CPU
		{623B162D-3978-407D-801D-6FA9C8D028EC}.Release|Any CPU.ActiveCfg = Release|Any CPU
		{623B162D-3978-407D-801D-6FA9C8D028EC}.Release|Any CPU.Build.0 = Release|Any CPU
		{623B162D-3978-407D-801D-6FA9C8D028EC}.Release|Mixed Platforms.ActiveCfg = Release|Any CPU
		{623B162D-3978-407D-801D-6FA9C8D028EC}.Release|Mixed Platforms.Build.0 = Release|Any CPU
		{623B162D-3978-407D-801D-6FA9C8D028EC}.Release|x86.ActiveCfg = Release|Any CPU
		{623B162D-3978-407D-801D-6FA9C8D028EC}.Release|x86.Build.0 = Release|Any CPU
		{650F025C-E5DA-4E6F-81DC-88F938B086CB}.Debug|Any CPU.ActiveCfg = Debug|Any CPU
		{650F025C-E5DA-4E6F-81DC-88F938B086CB}.Debug|Any CPU.Build.0 = Debug|Any CPU
		{650F025C-E5DA-4E6F-81DC-88F938B086CB}.Debug|Mixed Platforms.ActiveCfg = Debug|Any CPU
		{650F025C-E5DA-4E6F-81DC-88F938B086CB}.Debug|Mixed Platforms.Build.0 = Debug|Any CPU
		{650F025C-E5DA-4E6F-81DC-88F938B086CB}.Debug|x86.ActiveCfg = Debug|Any CPU
		{650F025C-E5DA-4E6F-81DC-88F938B086CB}.Release|Any CPU.ActiveCfg = Release|Any CPU
		{650F025C-E5DA-4E6F-81DC-88F938B086CB}.Release|Any CPU.Build.0 = Release|Any CPU
		{650F025C-E5DA-4E6F-81DC-88F938B086CB}.Release|Mixed Platforms.ActiveCfg = Release|Any CPU
		{650F025C-E5DA-4E6F-81DC-88F938B086CB}.Release|Mixed Platforms.Build.0 = Release|Any CPU
		{650F025C-E5DA-4E6F-81DC-88F938B086CB}.Release|x86.ActiveCfg = Release|Any CPU
	EndGlobalSection
	GlobalSection(SolutionProperties) = preSolution
		HideSolutionNode = FALSE
	EndGlobalSection
	GlobalSection(ExtensibilityGlobals) = postSolution
		SolutionGuid = {9587C22A-0566-4486-8CD0-DB569BF75F8C}
	EndGlobalSection
EndGlobal
